// !$*UTF8*$!
{
	archiveVersion = 1;
	classes = {
	};
	objectVersion = 55;
	objects = {

/* Begin PBXBuildFile section */
		58915662288F590D00F4FFDD /* dmedApp.swift in Sources */ = {isa = PBXBuildFile; fileRef = 58915661288F590D00F4FFDD /* dmedApp.swift */; };
		58915664288F590D00F4FFDD /* ContentView.swift in Sources */ = {isa = PBXBuildFile; fileRef = 58915663288F590D00F4FFDD /* ContentView.swift */; };
		58915666288F590F00F4FFDD /* Assets.xcassets in Resources */ = {isa = PBXBuildFile; fileRef = 58915665288F590F00F4FFDD /* Assets.xcassets */; };
		58915669288F590F00F4FFDD /* Preview Assets.xcassets in Resources */ = {isa = PBXBuildFile; fileRef = 58915668288F590F00F4FFDD /* Preview Assets.xcassets */; };
		58915673288F591000F4FFDD /* dmedTests.swift in Sources */ = {isa = PBXBuildFile; fileRef = 58915672288F591000F4FFDD /* dmedTests.swift */; };
		5891567D288F591000F4FFDD /* dmedUITests.swift in Sources */ = {isa = PBXBuildFile; fileRef = 5891567C288F591000F4FFDD /* dmedUITests.swift */; };
		5891567F288F591000F4FFDD /* dmedUITestsLaunchTests.swift in Sources */ = {isa = PBXBuildFile; fileRef = 5891567E288F591000F4FFDD /* dmedUITestsLaunchTests.swift */; };
		5891568D288F687B00F4FFDD /* ComicDataWrapper.swift in Sources */ = {isa = PBXBuildFile; fileRef = 5891568C288F687B00F4FFDD /* ComicDataWrapper.swift */; };
		5891568F288F699F00F4FFDD /* ComicDataContainer.swift in Sources */ = {isa = PBXBuildFile; fileRef = 5891568E288F699F00F4FFDD /* ComicDataContainer.swift */; };
		58915691288F6A3000F4FFDD /* Comic.swift in Sources */ = {isa = PBXBuildFile; fileRef = 58915690288F6A3000F4FFDD /* Comic.swift */; };
		58915693288F6B3000F4FFDD /* MarvelImage.swift in Sources */ = {isa = PBXBuildFile; fileRef = 58915692288F6B3000F4FFDD /* MarvelImage.swift */; };
		58915696288F6C7E00F4FFDD /* NetService.swift in Sources */ = {isa = PBXBuildFile; fileRef = 58915695288F6C7E00F4FFDD /* NetService.swift */; };
		58915699289017B300F4FFDD /* HashFunctions.swift in Sources */ = {isa = PBXBuildFile; fileRef = 58915698289017B300F4FFDD /* HashFunctions.swift */; };
		5E4AE645411559A509E819E5 /* Pods_dmedTests.framework in Frameworks */ = {isa = PBXBuildFile; fileRef = 64697F6ADD39900FA20DE73D /* Pods_dmedTests.framework */; };
		6EB87B480CCC669E0A05B223 /* Pods_dmed.framework in Frameworks */ = {isa = PBXBuildFile; fileRef = 16CC49C02A1A46A9CF8CC8F4 /* Pods_dmed.framework */; };
		C422034C8FE5A7ACD40EE83C /* Pods_dmed_dmedUITests.framework in Frameworks */ = {isa = PBXBuildFile; fileRef = ECE67346769FDDB569FA0EF9 /* Pods_dmed_dmedUITests.framework */; };
/* End PBXBuildFile section */

/* Begin PBXContainerItemProxy section */
		5891566F288F591000F4FFDD /* PBXContainerItemProxy */ = {
			isa = PBXContainerItemProxy;
			containerPortal = 58915656288F590D00F4FFDD /* Project object */;
			proxyType = 1;
			remoteGlobalIDString = 5891565D288F590D00F4FFDD;
			remoteInfo = dmed;
		};
		58915679288F591000F4FFDD /* PBXContainerItemProxy */ = {
			isa = PBXContainerItemProxy;
			containerPortal = 58915656288F590D00F4FFDD /* Project object */;
			proxyType = 1;
			remoteGlobalIDString = 5891565D288F590D00F4FFDD;
			remoteInfo = dmed;
		};
/* End PBXContainerItemProxy section */

/* Begin PBXFileReference section */
		020F03C7306904CD7A85116F /* Pods-dmedTests.release.xcconfig */ = {isa = PBXFileReference; includeInIndex = 1; lastKnownFileType = text.xcconfig; name = "Pods-dmedTests.release.xcconfig"; path = "Target Support Files/Pods-dmedTests/Pods-dmedTests.release.xcconfig"; sourceTree = "<group>"; };
		16CC49C02A1A46A9CF8CC8F4 /* Pods_dmed.framework */ = {isa = PBXFileReference; explicitFileType = wrapper.framework; includeInIndex = 0; path = Pods_dmed.framework; sourceTree = BUILT_PRODUCTS_DIR; };
		35BF6AB7935B432614F0D75E /* Pods-dmed.debug.xcconfig */ = {isa = PBXFileReference; includeInIndex = 1; lastKnownFileType = text.xcconfig; name = "Pods-dmed.debug.xcconfig"; path = "Target Support Files/Pods-dmed/Pods-dmed.debug.xcconfig"; sourceTree = "<group>"; };
		4426E246A73ECA9FC7AEDDD4 /* Pods-dmed.release.xcconfig */ = {isa = PBXFileReference; includeInIndex = 1; lastKnownFileType = text.xcconfig; name = "Pods-dmed.release.xcconfig"; path = "Target Support Files/Pods-dmed/Pods-dmed.release.xcconfig"; sourceTree = "<group>"; };
		5891565E288F590D00F4FFDD /* dmed.app */ = {isa = PBXFileReference; explicitFileType = wrapper.application; includeInIndex = 0; path = dmed.app; sourceTree = BUILT_PRODUCTS_DIR; };
		58915661288F590D00F4FFDD /* dmedApp.swift */ = {isa = PBXFileReference; lastKnownFileType = sourcecode.swift; path = dmedApp.swift; sourceTree = "<group>"; };
		58915663288F590D00F4FFDD /* ContentView.swift */ = {isa = PBXFileReference; lastKnownFileType = sourcecode.swift; path = ContentView.swift; sourceTree = "<group>"; };
		58915665288F590F00F4FFDD /* Assets.xcassets */ = {isa = PBXFileReference; lastKnownFileType = folder.assetcatalog; path = Assets.xcassets; sourceTree = "<group>"; };
		58915668288F590F00F4FFDD /* Preview Assets.xcassets */ = {isa = PBXFileReference; lastKnownFileType = folder.assetcatalog; path = "Preview Assets.xcassets"; sourceTree = "<group>"; };
		5891566E288F591000F4FFDD /* dmedTests.xctest */ = {isa = PBXFileReference; explicitFileType = wrapper.cfbundle; includeInIndex = 0; path = dmedTests.xctest; sourceTree = BUILT_PRODUCTS_DIR; };
		58915672288F591000F4FFDD /* dmedTests.swift */ = {isa = PBXFileReference; lastKnownFileType = sourcecode.swift; path = dmedTests.swift; sourceTree = "<group>"; };
		58915678288F591000F4FFDD /* dmedUITests.xctest */ = {isa = PBXFileReference; explicitFileType = wrapper.cfbundle; includeInIndex = 0; path = dmedUITests.xctest; sourceTree = BUILT_PRODUCTS_DIR; };
		5891567C288F591000F4FFDD /* dmedUITests.swift */ = {isa = PBXFileReference; lastKnownFileType = sourcecode.swift; path = dmedUITests.swift; sourceTree = "<group>"; };
		5891567E288F591000F4FFDD /* dmedUITestsLaunchTests.swift */ = {isa = PBXFileReference; lastKnownFileType = sourcecode.swift; path = dmedUITestsLaunchTests.swift; sourceTree = "<group>"; };
		5891568C288F687B00F4FFDD /* ComicDataWrapper.swift */ = {isa = PBXFileReference; lastKnownFileType = sourcecode.swift; path = ComicDataWrapper.swift; sourceTree = "<group>"; };
		5891568E288F699F00F4FFDD /* ComicDataContainer.swift */ = {isa = PBXFileReference; lastKnownFileType = sourcecode.swift; path = ComicDataContainer.swift; sourceTree = "<group>"; };
		58915690288F6A3000F4FFDD /* Comic.swift */ = {isa = PBXFileReference; lastKnownFileType = sourcecode.swift; path = Comic.swift; sourceTree = "<group>"; };
		58915692288F6B3000F4FFDD /* MarvelImage.swift */ = {isa = PBXFileReference; lastKnownFileType = sourcecode.swift; path = MarvelImage.swift; sourceTree = "<group>"; };
		58915695288F6C7E00F4FFDD /* NetService.swift */ = {isa = PBXFileReference; lastKnownFileType = sourcecode.swift; path = NetService.swift; sourceTree = "<group>"; };
		58915698289017B300F4FFDD /* HashFunctions.swift */ = {isa = PBXFileReference; lastKnownFileType = sourcecode.swift; path = HashFunctions.swift; sourceTree = "<group>"; };
		64697F6ADD39900FA20DE73D /* Pods_dmedTests.framework */ = {isa = PBXFileReference; explicitFileType = wrapper.framework; includeInIndex = 0; path = Pods_dmedTests.framework; sourceTree = BUILT_PRODUCTS_DIR; };
		73BF0A5867A534F60B8C2A99 /* Pods-dmedTests.debug.xcconfig */ = {isa = PBXFileReference; includeInIndex = 1; lastKnownFileType = text.xcconfig; name = "Pods-dmedTests.debug.xcconfig"; path = "Target Support Files/Pods-dmedTests/Pods-dmedTests.debug.xcconfig"; sourceTree = "<group>"; };
		DEA31DF87B51243FDA088606 /* Pods-dmed-dmedUITests.release.xcconfig */ = {isa = PBXFileReference; includeInIndex = 1; lastKnownFileType = text.xcconfig; name = "Pods-dmed-dmedUITests.release.xcconfig"; path = "Target Support Files/Pods-dmed-dmedUITests/Pods-dmed-dmedUITests.release.xcconfig"; sourceTree = "<group>"; };
		ECE67346769FDDB569FA0EF9 /* Pods_dmed_dmedUITests.framework */ = {isa = PBXFileReference; explicitFileType = wrapper.framework; includeInIndex = 0; path = Pods_dmed_dmedUITests.framework; sourceTree = BUILT_PRODUCTS_DIR; };
		FB139B8816E0690BA565D68E /* Pods-dmed-dmedUITests.debug.xcconfig */ = {isa = PBXFileReference; includeInIndex = 1; lastKnownFileType = text.xcconfig; name = "Pods-dmed-dmedUITests.debug.xcconfig"; path = "Target Support Files/Pods-dmed-dmedUITests/Pods-dmed-dmedUITests.debug.xcconfig"; sourceTree = "<group>"; };
/* End PBXFileReference section */

/* Begin PBXFrameworksBuildPhase section */
		5891565B288F590D00F4FFDD /* Frameworks */ = {
			isa = PBXFrameworksBuildPhase;
			buildActionMask = 2147483647;
			files = (
				6EB87B480CCC669E0A05B223 /* Pods_dmed.framework in Frameworks */,
			);
			runOnlyForDeploymentPostprocessing = 0;
		};
		5891566B288F591000F4FFDD /* Frameworks */ = {
			isa = PBXFrameworksBuildPhase;
			buildActionMask = 2147483647;
			files = (
				5E4AE645411559A509E819E5 /* Pods_dmedTests.framework in Frameworks */,
			);
			runOnlyForDeploymentPostprocessing = 0;
		};
		58915675288F591000F4FFDD /* Frameworks */ = {
			isa = PBXFrameworksBuildPhase;
			buildActionMask = 2147483647;
			files = (
				C422034C8FE5A7ACD40EE83C /* Pods_dmed_dmedUITests.framework in Frameworks */,
			);
			runOnlyForDeploymentPostprocessing = 0;
		};
/* End PBXFrameworksBuildPhase section */

/* Begin PBXGroup section */
		2BB672994311BFDBEF36CF61 /* Frameworks */ = {
			isa = PBXGroup;
			children = (
				16CC49C02A1A46A9CF8CC8F4 /* Pods_dmed.framework */,
				ECE67346769FDDB569FA0EF9 /* Pods_dmed_dmedUITests.framework */,
				64697F6ADD39900FA20DE73D /* Pods_dmedTests.framework */,
			);
			name = Frameworks;
			sourceTree = "<group>";
		};
		58915655288F590D00F4FFDD = {
			isa = PBXGroup;
			children = (
				58915660288F590D00F4FFDD /* dmed */,
				58915671288F591000F4FFDD /* dmedTests */,
				5891567B288F591000F4FFDD /* dmedUITests */,
				5891565F288F590D00F4FFDD /* Products */,
				CD68C187820E064C46B719EA /* Pods */,
				2BB672994311BFDBEF36CF61 /* Frameworks */,
			);
			sourceTree = "<group>";
		};
		5891565F288F590D00F4FFDD /* Products */ = {
			isa = PBXGroup;
			children = (
				5891565E288F590D00F4FFDD /* dmed.app */,
				5891566E288F591000F4FFDD /* dmedTests.xctest */,
				58915678288F591000F4FFDD /* dmedUITests.xctest */,
			);
			name = Products;
			sourceTree = "<group>";
		};
		58915660288F590D00F4FFDD /* dmed */ = {
			isa = PBXGroup;
			children = (
				58915661288F590D00F4FFDD /* dmedApp.swift */,
				58915663288F590D00F4FFDD /* ContentView.swift */,
				589156972890179100F4FFDD /* Utilities */,
				58915694288F6C6000F4FFDD /* Services */,
				5891568B288F685900F4FFDD /* Models */,
				58915665288F590F00F4FFDD /* Assets.xcassets */,
				58915667288F590F00F4FFDD /* Preview Content */,
			);
			path = dmed;
			sourceTree = "<group>";
		};
		58915667288F590F00F4FFDD /* Preview Content */ = {
			isa = PBXGroup;
			children = (
				58915668288F590F00F4FFDD /* Preview Assets.xcassets */,
			);
			path = "Preview Content";
			sourceTree = "<group>";
		};
		58915671288F591000F4FFDD /* dmedTests */ = {
			isa = PBXGroup;
			children = (
				58915672288F591000F4FFDD /* dmedTests.swift */,
			);
			path = dmedTests;
			sourceTree = "<group>";
		};
		5891567B288F591000F4FFDD /* dmedUITests */ = {
			isa = PBXGroup;
			children = (
				5891567C288F591000F4FFDD /* dmedUITests.swift */,
				5891567E288F591000F4FFDD /* dmedUITestsLaunchTests.swift */,
			);
			path = dmedUITests;
			sourceTree = "<group>";
		};
		5891568B288F685900F4FFDD /* Models */ = {
			isa = PBXGroup;
			children = (
				5891568C288F687B00F4FFDD /* ComicDataWrapper.swift */,
				5891568E288F699F00F4FFDD /* ComicDataContainer.swift */,
				58915690288F6A3000F4FFDD /* Comic.swift */,
				58915692288F6B3000F4FFDD /* MarvelImage.swift */,
			);
			path = Models;
			sourceTree = "<group>";
		};
		58915694288F6C6000F4FFDD /* Services */ = {
			isa = PBXGroup;
			children = (
				58915695288F6C7E00F4FFDD /* NetService.swift */,
			);
			path = Services;
			sourceTree = "<group>";
		};
		589156972890179100F4FFDD /* Utilities */ = {
			isa = PBXGroup;
			children = (
				58915698289017B300F4FFDD /* HashFunctions.swift */,
			);
			path = Utilities;
			sourceTree = "<group>";
		};
		CD68C187820E064C46B719EA /* Pods */ = {
			isa = PBXGroup;
			children = (
				35BF6AB7935B432614F0D75E /* Pods-dmed.debug.xcconfig */,
				4426E246A73ECA9FC7AEDDD4 /* Pods-dmed.release.xcconfig */,
				FB139B8816E0690BA565D68E /* Pods-dmed-dmedUITests.debug.xcconfig */,
				DEA31DF87B51243FDA088606 /* Pods-dmed-dmedUITests.release.xcconfig */,
				73BF0A5867A534F60B8C2A99 /* Pods-dmedTests.debug.xcconfig */,
				020F03C7306904CD7A85116F /* Pods-dmedTests.release.xcconfig */,
			);
			path = Pods;
			sourceTree = "<group>";
		};
/* End PBXGroup section */

/* Begin PBXNativeTarget section */
		5891565D288F590D00F4FFDD /* dmed */ = {
			isa = PBXNativeTarget;
			buildConfigurationList = 58915682288F591000F4FFDD /* Build configuration list for PBXNativeTarget "dmed" */;
			buildPhases = (
				ACD3711285FDC794A634066C /* [CP] Check Pods Manifest.lock */,
				5891565A288F590D00F4FFDD /* Sources */,
				5891565B288F590D00F4FFDD /* Frameworks */,
				5891565C288F590D00F4FFDD /* Resources */,
				F518C4F0C8F02FE287040FB0 /* [CP] Embed Pods Frameworks */,
			);
			buildRules = (
			);
			dependencies = (
			);
			name = dmed;
			productName = dmed;
			productReference = 5891565E288F590D00F4FFDD /* dmed.app */;
			productType = "com.apple.product-type.application";
		};
		5891566D288F591000F4FFDD /* dmedTests */ = {
			isa = PBXNativeTarget;
			buildConfigurationList = 58915685288F591000F4FFDD /* Build configuration list for PBXNativeTarget "dmedTests" */;
			buildPhases = (
				5EBB705719DE7A1549F50A85 /* [CP] Check Pods Manifest.lock */,
				5891566A288F591000F4FFDD /* Sources */,
				5891566B288F591000F4FFDD /* Frameworks */,
				5891566C288F591000F4FFDD /* Resources */,
			);
			buildRules = (
			);
			dependencies = (
				58915670288F591000F4FFDD /* PBXTargetDependency */,
			);
			name = dmedTests;
			productName = dmedTests;
			productReference = 5891566E288F591000F4FFDD /* dmedTests.xctest */;
			productType = "com.apple.product-type.bundle.unit-test";
		};
		58915677288F591000F4FFDD /* dmedUITests */ = {
			isa = PBXNativeTarget;
			buildConfigurationList = 58915688288F591000F4FFDD /* Build configuration list for PBXNativeTarget "dmedUITests" */;
			buildPhases = (
				A28B9947A9EB0B6E8B227D27 /* [CP] Check Pods Manifest.lock */,
				58915674288F591000F4FFDD /* Sources */,
				58915675288F591000F4FFDD /* Frameworks */,
				58915676288F591000F4FFDD /* Resources */,
				F90AC07E54FD3557B6B1E3FD /* [CP] Embed Pods Frameworks */,
			);
			buildRules = (
			);
			dependencies = (
				5891567A288F591000F4FFDD /* PBXTargetDependency */,
			);
			name = dmedUITests;
			productName = dmedUITests;
			productReference = 58915678288F591000F4FFDD /* dmedUITests.xctest */;
			productType = "com.apple.product-type.bundle.ui-testing";
		};
/* End PBXNativeTarget section */

/* Begin PBXProject section */
		58915656288F590D00F4FFDD /* Project object */ = {
			isa = PBXProject;
			attributes = {
				BuildIndependentTargetsInParallel = 1;
				LastSwiftUpdateCheck = 1340;
				LastUpgradeCheck = 1340;
				TargetAttributes = {
					5891565D288F590D00F4FFDD = {
						CreatedOnToolsVersion = 13.4;
					};
					5891566D288F591000F4FFDD = {
						CreatedOnToolsVersion = 13.4;
						TestTargetID = 5891565D288F590D00F4FFDD;
					};
					58915677288F591000F4FFDD = {
						CreatedOnToolsVersion = 13.4;
						TestTargetID = 5891565D288F590D00F4FFDD;
					};
				};
			};
			buildConfigurationList = 58915659288F590D00F4FFDD /* Build configuration list for PBXProject "dmed" */;
			compatibilityVersion = "Xcode 13.0";
			developmentRegion = en;
			hasScannedForEncodings = 0;
			knownRegions = (
				en,
				Base,
			);
			mainGroup = 58915655288F590D00F4FFDD;
			productRefGroup = 5891565F288F590D00F4FFDD /* Products */;
			projectDirPath = "";
			projectRoot = "";
			targets = (
				5891565D288F590D00F4FFDD /* dmed */,
				5891566D288F591000F4FFDD /* dmedTests */,
				58915677288F591000F4FFDD /* dmedUITests */,
			);
		};
/* End PBXProject section */

/* Begin PBXResourcesBuildPhase section */
		5891565C288F590D00F4FFDD /* Resources */ = {
			isa = PBXResourcesBuildPhase;
			buildActionMask = 2147483647;
			files = (
				58915669288F590F00F4FFDD /* Preview Assets.xcassets in Resources */,
				58915666288F590F00F4FFDD /* Assets.xcassets in Resources */,
			);
			runOnlyForDeploymentPostprocessing = 0;
		};
		5891566C288F591000F4FFDD /* Resources */ = {
			isa = PBXResourcesBuildPhase;
			buildActionMask = 2147483647;
			files = (
			);
			runOnlyForDeploymentPostprocessing = 0;
		};
		58915676288F591000F4FFDD /* Resources */ = {
			isa = PBXResourcesBuildPhase;
			buildActionMask = 2147483647;
			files = (
			);
			runOnlyForDeploymentPostprocessing = 0;
		};
/* End PBXResourcesBuildPhase section */

/* Begin PBXShellScriptBuildPhase section */
		5EBB705719DE7A1549F50A85 /* [CP] Check Pods Manifest.lock */ = {
			isa = PBXShellScriptBuildPhase;
			buildActionMask = 2147483647;
			files = (
			);
			inputFileListPaths = (
			);
			inputPaths = (
				"${PODS_PODFILE_DIR_PATH}/Podfile.lock",
				"${PODS_ROOT}/Manifest.lock",
			);
			name = "[CP] Check Pods Manifest.lock";
			outputFileListPaths = (
			);
			outputPaths = (
				"$(DERIVED_FILE_DIR)/Pods-dmedTests-checkManifestLockResult.txt",
			);
			runOnlyForDeploymentPostprocessing = 0;
			shellPath = /bin/sh;
			shellScript = "diff \"${PODS_PODFILE_DIR_PATH}/Podfile.lock\" \"${PODS_ROOT}/Manifest.lock\" > /dev/null\nif [ $? != 0 ] ; then\n    # print error to STDERR\n    echo \"error: The sandbox is not in sync with the Podfile.lock. Run 'pod install' or update your CocoaPods installation.\" >&2\n    exit 1\nfi\n# This output is used by Xcode 'outputs' to avoid re-running this script phase.\necho \"SUCCESS\" > \"${SCRIPT_OUTPUT_FILE_0}\"\n";
			showEnvVarsInLog = 0;
		};
		A28B9947A9EB0B6E8B227D27 /* [CP] Check Pods Manifest.lock */ = {
			isa = PBXShellScriptBuildPhase;
			buildActionMask = 2147483647;
			files = (
			);
			inputFileListPaths = (
			);
			inputPaths = (
				"${PODS_PODFILE_DIR_PATH}/Podfile.lock",
				"${PODS_ROOT}/Manifest.lock",
			);
			name = "[CP] Check Pods Manifest.lock";
			outputFileListPaths = (
			);
			outputPaths = (
				"$(DERIVED_FILE_DIR)/Pods-dmed-dmedUITests-checkManifestLockResult.txt",
			);
			runOnlyForDeploymentPostprocessing = 0;
			shellPath = /bin/sh;
			shellScript = "diff \"${PODS_PODFILE_DIR_PATH}/Podfile.lock\" \"${PODS_ROOT}/Manifest.lock\" > /dev/null\nif [ $? != 0 ] ; then\n    # print error to STDERR\n    echo \"error: The sandbox is not in sync with the Podfile.lock. Run 'pod install' or update your CocoaPods installation.\" >&2\n    exit 1\nfi\n# This output is used by Xcode 'outputs' to avoid re-running this script phase.\necho \"SUCCESS\" > \"${SCRIPT_OUTPUT_FILE_0}\"\n";
			showEnvVarsInLog = 0;
		};
		ACD3711285FDC794A634066C /* [CP] Check Pods Manifest.lock */ = {
			isa = PBXShellScriptBuildPhase;
			buildActionMask = 2147483647;
			files = (
			);
			inputFileListPaths = (
			);
			inputPaths = (
				"${PODS_PODFILE_DIR_PATH}/Podfile.lock",
				"${PODS_ROOT}/Manifest.lock",
			);
			name = "[CP] Check Pods Manifest.lock";
			outputFileListPaths = (
			);
			outputPaths = (
				"$(DERIVED_FILE_DIR)/Pods-dmed-checkManifestLockResult.txt",
			);
			runOnlyForDeploymentPostprocessing = 0;
			shellPath = /bin/sh;
			shellScript = "diff \"${PODS_PODFILE_DIR_PATH}/Podfile.lock\" \"${PODS_ROOT}/Manifest.lock\" > /dev/null\nif [ $? != 0 ] ; then\n    # print error to STDERR\n    echo \"error: The sandbox is not in sync with the Podfile.lock. Run 'pod install' or update your CocoaPods installation.\" >&2\n    exit 1\nfi\n# This output is used by Xcode 'outputs' to avoid re-running this script phase.\necho \"SUCCESS\" > \"${SCRIPT_OUTPUT_FILE_0}\"\n";
			showEnvVarsInLog = 0;
		};
		F518C4F0C8F02FE287040FB0 /* [CP] Embed Pods Frameworks */ = {
			isa = PBXShellScriptBuildPhase;
			buildActionMask = 2147483647;
			files = (
			);
			inputFileListPaths = (
				"${PODS_ROOT}/Target Support Files/Pods-dmed/Pods-dmed-frameworks-${CONFIGURATION}-input-files.xcfilelist",
			);
			name = "[CP] Embed Pods Frameworks";
			outputFileListPaths = (
				"${PODS_ROOT}/Target Support Files/Pods-dmed/Pods-dmed-frameworks-${CONFIGURATION}-output-files.xcfilelist",
			);
			runOnlyForDeploymentPostprocessing = 0;
			shellPath = /bin/sh;
			shellScript = "\"${PODS_ROOT}/Target Support Files/Pods-dmed/Pods-dmed-frameworks.sh\"\n";
			showEnvVarsInLog = 0;
		};
		F90AC07E54FD3557B6B1E3FD /* [CP] Embed Pods Frameworks */ = {
			isa = PBXShellScriptBuildPhase;
			buildActionMask = 2147483647;
			files = (
			);
			inputFileListPaths = (
				"${PODS_ROOT}/Target Support Files/Pods-dmed-dmedUITests/Pods-dmed-dmedUITests-frameworks-${CONFIGURATION}-input-files.xcfilelist",
			);
			name = "[CP] Embed Pods Frameworks";
			outputFileListPaths = (
				"${PODS_ROOT}/Target Support Files/Pods-dmed-dmedUITests/Pods-dmed-dmedUITests-frameworks-${CONFIGURATION}-output-files.xcfilelist",
			);
			runOnlyForDeploymentPostprocessing = 0;
			shellPath = /bin/sh;
			shellScript = "\"${PODS_ROOT}/Target Support Files/Pods-dmed-dmedUITests/Pods-dmed-dmedUITests-frameworks.sh\"\n";
			showEnvVarsInLog = 0;
		};
/* End PBXShellScriptBuildPhase section */

/* Begin PBXSourcesBuildPhase section */
		5891565A288F590D00F4FFDD /* Sources */ = {
			isa = PBXSourcesBuildPhase;
			buildActionMask = 2147483647;
			files = (
				58915664288F590D00F4FFDD /* ContentView.swift in Sources */,
				5891568D288F687B00F4FFDD /* ComicDataWrapper.swift in Sources */,
				58915696288F6C7E00F4FFDD /* NetService.swift in Sources */,
				58915699289017B300F4FFDD /* HashFunctions.swift in Sources */,
				58915693288F6B3000F4FFDD /* MarvelImage.swift in Sources */,
				58915691288F6A3000F4FFDD /* Comic.swift in Sources */,
				58915662288F590D00F4FFDD /* dmedApp.swift in Sources */,
				5891568F288F699F00F4FFDD /* ComicDataContainer.swift in Sources */,
			);
			runOnlyForDeploymentPostprocessing = 0;
		};
		5891566A288F591000F4FFDD /* Sources */ = {
			isa = PBXSourcesBuildPhase;
			buildActionMask = 2147483647;
			files = (
				58915673288F591000F4FFDD /* dmedTests.swift in Sources */,
			);
			runOnlyForDeploymentPostprocessing = 0;
		};
		58915674288F591000F4FFDD /* Sources */ = {
			isa = PBXSourcesBuildPhase;
			buildActionMask = 2147483647;
			files = (
				5891567F288F591000F4FFDD /* dmedUITestsLaunchTests.swift in Sources */,
				5891567D288F591000F4FFDD /* dmedUITests.swift in Sources */,
			);
			runOnlyForDeploymentPostprocessing = 0;
		};
/* End PBXSourcesBuildPhase section */

/* Begin PBXTargetDependency section */
		58915670288F591000F4FFDD /* PBXTargetDependency */ = {
			isa = PBXTargetDependency;
			target = 5891565D288F590D00F4FFDD /* dmed */;
			targetProxy = 5891566F288F591000F4FFDD /* PBXContainerItemProxy */;
		};
		5891567A288F591000F4FFDD /* PBXTargetDependency */ = {
			isa = PBXTargetDependency;
			target = 5891565D288F590D00F4FFDD /* dmed */;
			targetProxy = 58915679288F591000F4FFDD /* PBXContainerItemProxy */;
		};
/* End PBXTargetDependency section */

/* Begin XCBuildConfiguration section */
		58915680288F591000F4FFDD /* Debug */ = {
			isa = XCBuildConfiguration;
			buildSettings = {
				ALWAYS_SEARCH_USER_PATHS = NO;
				CLANG_ANALYZER_NONNULL = YES;
				CLANG_ANALYZER_NUMBER_OBJECT_CONVERSION = YES_AGGRESSIVE;
				CLANG_CXX_LANGUAGE_STANDARD = "gnu++17";
				CLANG_ENABLE_MODULES = YES;
				CLANG_ENABLE_OBJC_ARC = YES;
				CLANG_ENABLE_OBJC_WEAK = YES;
				CLANG_WARN_BLOCK_CAPTURE_AUTORELEASING = YES;
				CLANG_WARN_BOOL_CONVERSION = YES;
				CLANG_WARN_COMMA = YES;
				CLANG_WARN_CONSTANT_CONVERSION = YES;
				CLANG_WARN_DEPRECATED_OBJC_IMPLEMENTATIONS = YES;
				CLANG_WARN_DIRECT_OBJC_ISA_USAGE = YES_ERROR;
				CLANG_WARN_DOCUMENTATION_COMMENTS = YES;
				CLANG_WARN_EMPTY_BODY = YES;
				CLANG_WARN_ENUM_CONVERSION = YES;
				CLANG_WARN_INFINITE_RECURSION = YES;
				CLANG_WARN_INT_CONVERSION = YES;
				CLANG_WARN_NON_LITERAL_NULL_CONVERSION = YES;
				CLANG_WARN_OBJC_IMPLICIT_RETAIN_SELF = YES;
				CLANG_WARN_OBJC_LITERAL_CONVERSION = YES;
				CLANG_WARN_OBJC_ROOT_CLASS = YES_ERROR;
				CLANG_WARN_QUOTED_INCLUDE_IN_FRAMEWORK_HEADER = YES;
				CLANG_WARN_RANGE_LOOP_ANALYSIS = YES;
				CLANG_WARN_STRICT_PROTOTYPES = YES;
				CLANG_WARN_SUSPICIOUS_MOVE = YES;
				CLANG_WARN_UNGUARDED_AVAILABILITY = YES_AGGRESSIVE;
				CLANG_WARN_UNREACHABLE_CODE = YES;
				CLANG_WARN__DUPLICATE_METHOD_MATCH = YES;
				COPY_PHASE_STRIP = NO;
				DEBUG_INFORMATION_FORMAT = dwarf;
				ENABLE_STRICT_OBJC_MSGSEND = YES;
				ENABLE_TESTABILITY = YES;
				GCC_C_LANGUAGE_STANDARD = gnu11;
				GCC_DYNAMIC_NO_PIC = NO;
				GCC_NO_COMMON_BLOCKS = YES;
				GCC_OPTIMIZATION_LEVEL = 0;
				GCC_PREPROCESSOR_DEFINITIONS = (
					"DEBUG=1",
					"$(inherited)",
				);
				GCC_WARN_64_TO_32_BIT_CONVERSION = YES;
				GCC_WARN_ABOUT_RETURN_TYPE = YES_ERROR;
				GCC_WARN_UNDECLARED_SELECTOR = YES;
				GCC_WARN_UNINITIALIZED_AUTOS = YES_AGGRESSIVE;
				GCC_WARN_UNUSED_FUNCTION = YES;
				GCC_WARN_UNUSED_VARIABLE = YES;
				IPHONEOS_DEPLOYMENT_TARGET = 15.5;
				MTL_ENABLE_DEBUG_INFO = INCLUDE_SOURCE;
				MTL_FAST_MATH = YES;
				ONLY_ACTIVE_ARCH = YES;
				SDKROOT = iphoneos;
				SWIFT_ACTIVE_COMPILATION_CONDITIONS = DEBUG;
				SWIFT_OPTIMIZATION_LEVEL = "-Onone";
			};
			name = Debug;
		};
		58915681288F591000F4FFDD /* Release */ = {
			isa = XCBuildConfiguration;
			buildSettings = {
				ALWAYS_SEARCH_USER_PATHS = NO;
				CLANG_ANALYZER_NONNULL = YES;
				CLANG_ANALYZER_NUMBER_OBJECT_CONVERSION = YES_AGGRESSIVE;
				CLANG_CXX_LANGUAGE_STANDARD = "gnu++17";
				CLANG_ENABLE_MODULES = YES;
				CLANG_ENABLE_OBJC_ARC = YES;
				CLANG_ENABLE_OBJC_WEAK = YES;
				CLANG_WARN_BLOCK_CAPTURE_AUTORELEASING = YES;
				CLANG_WARN_BOOL_CONVERSION = YES;
				CLANG_WARN_COMMA = YES;
				CLANG_WARN_CONSTANT_CONVERSION = YES;
				CLANG_WARN_DEPRECATED_OBJC_IMPLEMENTATIONS = YES;
				CLANG_WARN_DIRECT_OBJC_ISA_USAGE = YES_ERROR;
				CLANG_WARN_DOCUMENTATION_COMMENTS = YES;
				CLANG_WARN_EMPTY_BODY = YES;
				CLANG_WARN_ENUM_CONVERSION = YES;
				CLANG_WARN_INFINITE_RECURSION = YES;
				CLANG_WARN_INT_CONVERSION = YES;
				CLANG_WARN_NON_LITERAL_NULL_CONVERSION = YES;
				CLANG_WARN_OBJC_IMPLICIT_RETAIN_SELF = YES;
				CLANG_WARN_OBJC_LITERAL_CONVERSION = YES;
				CLANG_WARN_OBJC_ROOT_CLASS = YES_ERROR;
				CLANG_WARN_QUOTED_INCLUDE_IN_FRAMEWORK_HEADER = YES;
				CLANG_WARN_RANGE_LOOP_ANALYSIS = YES;
				CLANG_WARN_STRICT_PROTOTYPES = YES;
				CLANG_WARN_SUSPICIOUS_MOVE = YES;
				CLANG_WARN_UNGUARDED_AVAILABILITY = YES_AGGRESSIVE;
				CLANG_WARN_UNREACHABLE_CODE = YES;
				CLANG_WARN__DUPLICATE_METHOD_MATCH = YES;
				COPY_PHASE_STRIP = NO;
				DEBUG_INFORMATION_FORMAT = "dwarf-with-dsym";
				ENABLE_NS_ASSERTIONS = NO;
				ENABLE_STRICT_OBJC_MSGSEND = YES;
				GCC_C_LANGUAGE_STANDARD = gnu11;
				GCC_NO_COMMON_BLOCKS = YES;
				GCC_WARN_64_TO_32_BIT_CONVERSION = YES;
				GCC_WARN_ABOUT_RETURN_TYPE = YES_ERROR;
				GCC_WARN_UNDECLARED_SELECTOR = YES;
				GCC_WARN_UNINITIALIZED_AUTOS = YES_AGGRESSIVE;
				GCC_WARN_UNUSED_FUNCTION = YES;
				GCC_WARN_UNUSED_VARIABLE = YES;
				IPHONEOS_DEPLOYMENT_TARGET = 15.5;
				MTL_ENABLE_DEBUG_INFO = NO;
				MTL_FAST_MATH = YES;
				SDKROOT = iphoneos;
				SWIFT_COMPILATION_MODE = wholemodule;
				SWIFT_OPTIMIZATION_LEVEL = "-O";
				VALIDATE_PRODUCT = YES;
			};
			name = Release;
		};
		58915683288F591000F4FFDD /* Debug */ = {
			isa = XCBuildConfiguration;
			baseConfigurationReference = 35BF6AB7935B432614F0D75E /* Pods-dmed.debug.xcconfig */;
			buildSettings = {
				ASSETCATALOG_COMPILER_APPICON_NAME = AppIcon;
				ASSETCATALOG_COMPILER_GLOBAL_ACCENT_COLOR_NAME = AccentColor;
				CODE_SIGN_STYLE = Automatic;
				CURRENT_PROJECT_VERSION = 1;
				DEVELOPMENT_ASSET_PATHS = "\"dmed/Preview Content\"";
				DEVELOPMENT_TEAM = 8TH6DU4UA9;
				ENABLE_PREVIEWS = YES;
				GENERATE_INFOPLIST_FILE = YES;
				INFOPLIST_KEY_UIApplicationSceneManifest_Generation = YES;
				INFOPLIST_KEY_UIApplicationSupportsIndirectInputEvents = YES;
				INFOPLIST_KEY_UILaunchScreen_Generation = YES;
				INFOPLIST_KEY_UISupportedInterfaceOrientations_iPad = "UIInterfaceOrientationPortrait UIInterfaceOrientationPortraitUpsideDown UIInterfaceOrientationLandscapeLeft UIInterfaceOrientationLandscapeRight";
				INFOPLIST_KEY_UISupportedInterfaceOrientations_iPhone = "UIInterfaceOrientationPortrait UIInterfaceOrientationLandscapeLeft UIInterfaceOrientationLandscapeRight";
				LD_RUNPATH_SEARCH_PATHS = (
					"$(inherited)",
					"@executable_path/Frameworks",
				);
				MARKETING_VERSION = 1.0;
				PRODUCT_BUNDLE_IDENTIFIER = com.lordandrei.demo.dmed;
				PRODUCT_NAME = "$(TARGET_NAME)";
				SWIFT_EMIT_LOC_STRINGS = YES;
				SWIFT_VERSION = 5.0;
				TARGETED_DEVICE_FAMILY = "1,2";
			};
			name = Debug;
		};
		58915684288F591000F4FFDD /* Release */ = {
			isa = XCBuildConfiguration;
			baseConfigurationReference = 4426E246A73ECA9FC7AEDDD4 /* Pods-dmed.release.xcconfig */;
			buildSettings = {
				ASSETCATALOG_COMPILER_APPICON_NAME = AppIcon;
				ASSETCATALOG_COMPILER_GLOBAL_ACCENT_COLOR_NAME = AccentColor;
				CODE_SIGN_STYLE = Automatic;
				CURRENT_PROJECT_VERSION = 1;
				DEVELOPMENT_ASSET_PATHS = "\"dmed/Preview Content\"";
				DEVELOPMENT_TEAM = 8TH6DU4UA9;
				ENABLE_PREVIEWS = YES;
				GENERATE_INFOPLIST_FILE = YES;
				INFOPLIST_KEY_UIApplicationSceneManifest_Generation = YES;
				INFOPLIST_KEY_UIApplicationSupportsIndirectInputEvents = YES;
				INFOPLIST_KEY_UILaunchScreen_Generation = YES;
				INFOPLIST_KEY_UISupportedInterfaceOrientations_iPad = "UIInterfaceOrientationPortrait UIInterfaceOrientationPortraitUpsideDown UIInterfaceOrientationLandscapeLeft UIInterfaceOrientationLandscapeRight";
				INFOPLIST_KEY_UISupportedInterfaceOrientations_iPhone = "UIInterfaceOrientationPortrait UIInterfaceOrientationLandscapeLeft UIInterfaceOrientationLandscapeRight";
				LD_RUNPATH_SEARCH_PATHS = (
					"$(inherited)",
					"@executable_path/Frameworks",
				);
				MARKETING_VERSION = 1.0;
				PRODUCT_BUNDLE_IDENTIFIER = com.lordandrei.demo.dmed;
				PRODUCT_NAME = "$(TARGET_NAME)";
				SWIFT_EMIT_LOC_STRINGS = YES;
				SWIFT_VERSION = 5.0;
				TARGETED_DEVICE_FAMILY = "1,2";
			};
			name = Release;
		};
		58915686288F591000F4FFDD /* Debug */ = {
			isa = XCBuildConfiguration;
			baseConfigurationReference = 73BF0A5867A534F60B8C2A99 /* Pods-dmedTests.debug.xcconfig */;
			buildSettings = {
				ALWAYS_EMBED_SWIFT_STANDARD_LIBRARIES = YES;
				BUNDLE_LOADER = "$(TEST_HOST)";
				CODE_SIGN_STYLE = Automatic;
				CURRENT_PROJECT_VERSION = 1;
				DEVELOPMENT_TEAM = 8TH6DU4UA9;
				GENERATE_INFOPLIST_FILE = YES;
				IPHONEOS_DEPLOYMENT_TARGET = 15.5;
				MARKETING_VERSION = 1.0;
				PRODUCT_BUNDLE_IDENTIFIER = com.lordandrei.demo.dmedTests;
				PRODUCT_NAME = "$(TARGET_NAME)";
				SWIFT_EMIT_LOC_STRINGS = NO;
				SWIFT_VERSION = 5.0;
				TARGETED_DEVICE_FAMILY = "1,2";
				TEST_HOST = "$(BUILT_PRODUCTS_DIR)/dmed.app/dmed";
			};
			name = Debug;
		};
		58915687288F591000F4FFDD /* Release */ = {
			isa = XCBuildConfiguration;
			baseConfigurationReference = 020F03C7306904CD7A85116F /* Pods-dmedTests.release.xcconfig */;
			buildSettings = {
				ALWAYS_EMBED_SWIFT_STANDARD_LIBRARIES = YES;
				BUNDLE_LOADER = "$(TEST_HOST)";
				CODE_SIGN_STYLE = Automatic;
				CURRENT_PROJECT_VERSION = 1;
				DEVELOPMENT_TEAM = 8TH6DU4UA9;
				GENERATE_INFOPLIST_FILE = YES;
				IPHONEOS_DEPLOYMENT_TARGET = 15.5;
				MARKETING_VERSION = 1.0;
				PRODUCT_BUNDLE_IDENTIFIER = com.lordandrei.demo.dmedTests;
				PRODUCT_NAME = "$(TARGET_NAME)";
				SWIFT_EMIT_LOC_STRINGS = NO;
				SWIFT_VERSION = 5.0;
				TARGETED_DEVICE_FAMILY = "1,2";
				TEST_HOST = "$(BUILT_PRODUCTS_DIR)/dmed.app/dmed";
			};
			name = Release;
		};
		58915689288F591000F4FFDD /* Debug */ = {
			isa = XCBuildConfiguration;
			baseConfigurationReference = FB139B8816E0690BA565D68E /* Pods-dmed-dmedUITests.debug.xcconfig */;
			buildSettings = {
				ALWAYS_EMBED_SWIFT_STANDARD_LIBRARIES = YES;
				CODE_SIGN_STYLE = Automatic;
				CURRENT_PROJECT_VERSION = 1;
				DEVELOPMENT_TEAM = 8TH6DU4UA9;
				GENERATE_INFOPLIST_FILE = YES;
				MARKETING_VERSION = 1.0;
				PRODUCT_BUNDLE_IDENTIFIER = com.lordandrei.demo.dmedUITests;
				PRODUCT_NAME = "$(TARGET_NAME)";
				SWIFT_EMIT_LOC_STRINGS = NO;
				SWIFT_VERSION = 5.0;
				TARGETED_DEVICE_FAMILY = "1,2";
				TEST_TARGET_NAME = dmed;
			};
			name = Debug;
		};
		5891568A288F591000F4FFDD /* Release */ = {
			isa = XCBuildConfiguration;
			baseConfigurationReference = DEA31DF87B51243FDA088606 /* Pods-dmed-dmedUITests.release.xcconfig */;
			buildSettings = {
				ALWAYS_EMBED_SWIFT_STANDARD_LIBRARIES = YES;
				CODE_SIGN_STYLE = Automatic;
				CURRENT_PROJECT_VERSION = 1;
				DEVELOPMENT_TEAM = 8TH6DU4UA9;
				GENERATE_INFOPLIST_FILE = YES;
				MARKETING_VERSION = 1.0;
				PRODUCT_BUNDLE_IDENTIFIER = com.lordandrei.demo.dmedUITests;
				PRODUCT_NAME = "$(TARGET_NAME)";
				SWIFT_EMIT_LOC_STRINGS = NO;
				SWIFT_VERSION = 5.0;
				TARGETED_DEVICE_FAMILY = "1,2";
				TEST_TARGET_NAME = dmed;
			};
			name = Release;
		};
/* End XCBuildConfiguration section */

/* Begin XCConfigurationList section */
		58915659288F590D00F4FFDD /* Build configuration list for PBXProject "dmed" */ = {
			isa = XCConfigurationList;
			buildConfigurations = (
				58915680288F591000F4FFDD /* Debug */,
				58915681288F591000F4FFDD /* Release */,
			);
			defaultConfigurationIsVisible = 0;
			defaultConfigurationName = Release;
		};
		58915682288F591000F4FFDD /* Build configuration list for PBXNativeTarget "dmed" */ = {
			isa = XCConfigurationList;
			buildConfigurations = (
				58915683288F591000F4FFDD /* Debug */,
				58915684288F591000F4FFDD /* Release */,
			);
			defaultConfigurationIsVisible = 0;
			defaultConfigurationName = Release;
		};
		58915685288F591000F4FFDD /* Build configuration list for PBXNativeTarget "dmedTests" */ = {
			isa = XCConfigurationList;
			buildConfigurations = (
				58915686288F591000F4FFDD /* Debug */,
				58915687288F591000F4FFDD /* Release */,
			);
			defaultConfigurationIsVisible = 0;
			defaultConfigurationName = Release;
		};
		58915688288F591000F4FFDD /* Build configuration list for PBXNativeTarget "dmedUITests" */ = {
			isa = XCConfigurationList;
			buildConfigurations = (
				58915689288F591000F4FFDD /* Debug */,
				5891568A288F591000F4FFDD /* Release */,
			);
			defaultConfigurationIsVisible = 0;
			defaultConfigurationName = Release;
		};
/* End XCConfigurationList section */
	};
	rootObject = 58915656288F590D00F4FFDD /* Project object */;
}
